<?xml version="1.0" encoding="utf-8"?>
<Project ToolsVersion="4.0" xmlns="http://schemas.microsoft.com/developer/msbuild/2003">
  <ItemGroup>
    <Filter Include="Source Files">
      <UniqueIdentifier>{4FC737F1-C7A5-4376-A066-2A32D752A2FF}</UniqueIdentifier>
      <Extensions>cpp;c;cc;cxx;c++;cppm;ixx;def;odl;idl;hpj;bat;asm;asmx</Extensions>
    </Filter>
    <Filter Include="Header Files">
      <UniqueIdentifier>{93995380-89BD-4b04-88EB-625FBE52EBFB}</UniqueIdentifier>
      <Extensions>h;hh;hpp;hxx;h++;hm;inl;inc;ipp;xsd</Extensions>
    </Filter>
    <Filter Include="Resource Files">
      <UniqueIdentifier>{67DA6AB6-F800-4c08-8B7A-83BB121AAD01}</UniqueIdentifier>
      <Extensions>rc;ico;cur;bmp;dlg;rc2;rct;bin;rgs;gif;jpg;jpeg;jpe;resx;tiff;tif;png;wav;mfcribbon-ms</Extensions>
    </Filter>
    <Filter Include="files">
      <UniqueIdentifier>{17ea9714-5f10-4d93-8a59-67cbc8e01d4c}</UniqueIdentifier>
    </Filter>
    <Filter Include="files\scripts">
      <UniqueIdentifier>{f18af43d-66d6-4c52-82a9-4f8573478ea3}</UniqueIdentifier>
    </Filter>
    <Filter Include="files\.github">
      <UniqueIdentifier>{1c7fc06b-86ac-4fbc-a394-6cf0df8ed45b}</UniqueIdentifier>
    </Filter>
    <Filter Include="files\.github\workflows">
      <UniqueIdentifier>{1af8a5f4-1011-4120-b883-c686963f7734}</UniqueIdentifier>
    </Filter>
  </ItemGroup>
  <ItemGroup>
    <ClCompile Include="..\..\src\utils\entry_zlib_overall.cpp">
      <Filter>Source Files</Filter>
    </ClCompile>
  </ItemGroup>
  <ItemGroup>
    <None Include="..\..\.gitignore">
      <Filter>files</Filter>
    </None>
    <None Include="..\..\.gitattributes">
      <Filter>files</Filter>
    </None>
    <None Include="..\..\README.md">
      <Filter>files</Filter>
    </None>
    <None Include="..\..\scripts\windows_prepare_host.bat">
      <Filter>files\scripts</Filter>
    </None>
    <None Include="..\..\scripts\windows_prepare_repository.bat">
      <Filter>files\scripts</Filter>
    </None>
    <None Include="..\..\scripts\windows_build_all.bat">
      <Filter>files\scripts</Filter>
    </None>
    <None Include="..\..\.github\workflows\check_merge_to_master.yml">
      <Filter>files\.github\workflows</Filter>
    </None>
  </ItemGroup>
</Project>