<?xml version="1.0" encoding="utf-8"?>
<Project ToolsVersion="4.0" xmlns="http://schemas.microsoft.com/developer/msbuild/2003">
  <ItemGroup>
    <Filter Include="Source Files">
      <UniqueIdentifier>{4FC737F1-C7A5-4376-A066-2A32D752A2FF}</UniqueIdentifier>
      <Extensions>cpp;c;cc;cxx;c++;cppm;ixx;def;odl;idl;hpj;bat;asm;asmx</Extensions>
    </Filter>
    <Filter Include="Header Files">
      <UniqueIdentifier>{93995380-89BD-4b04-88EB-625FBE52EBFB}</UniqueIdentifier>
      <Extensions>h;hh;hpp;hxx;h++;hm;inl;inc;ipp;xsd</Extensions>
    </Filter>
    <Filter Include="Resource Files">
      <UniqueIdentifier>{67DA6AB6-F800-4c08-8B7A-83BB121AAD01}</UniqueIdentifier>
      <Extensions>rc;ico;cur;bmp;dlg;rc2;rct;bin;rgs;gif;jpg;jpeg;jpe;resx;tiff;tif;png;wav;mfcribbon-ms</Extensions>
    </Filter>
    <Filter Include="files">
      <UniqueIdentifier>{8eb74553-5734-4b77-a2e2-621d8fe10aaa}</UniqueIdentifier>
    </Filter>
    <Filter Include="Source Files\tests">
      <UniqueIdentifier>{139ee4ad-4dfe-44b9-aacb-6652b0957ba5}</UniqueIdentifier>
    </Filter>
    <Filter Include="Header Files\incude">
      <UniqueIdentifier>{3033059e-d64c-4cf6-8d6a-78278f262a93}</UniqueIdentifier>
    </Filter>
    <Filter Include="Source Files\core">
      <UniqueIdentifier>{429adb94-1d6f-4f99-911e-a8c82285230a}</UniqueIdentifier>
    </Filter>
    <Filter Include="Source Files\tests\unit_test">
      <UniqueIdentifier>{68f0ce51-e8b8-4479-8958-358531f194f9}</UniqueIdentifier>
    </Filter>
    <Filter Include="Header Files\incude\zlib_with_tools">
      <UniqueIdentifier>{aae06d29-254d-45b0-99d3-2622ee1e4f6a}</UniqueIdentifier>
    </Filter>
  </ItemGroup>
  <ItemGroup>
    <ClCompile Include="..\..\..\src\tests\unit_test\0000_initial.cpp">
      <Filter>Source Files\tests\unit_test</Filter>
    </ClCompile>
    <ClCompile Include="..\..\..\contrib\directory_iterator\contrib\cinternal\src\core\cinternal_core_logger.c">
      <Filter>Source Files</Filter>
    </ClCompile>
    <ClCompile Include="..\..\..\contrib\directory_iterator\contrib\cinternal\src\core\cinternal_core_unit_test_checks.c">
      <Filter>Source Files</Filter>
    </ClCompile>
    <ClCompile Include="..\..\..\contrib\directory_iterator\contrib\cinternal\src\core\cinternal_core_unit_test_main.c">
      <Filter>Source Files</Filter>
    </ClCompile>
    <ClCompile Include="..\..\..\src\core\resource_handler_unix.c">
      <Filter>Source Files\core</Filter>
    </ClCompile>
    <ClCompile Include="..\..\..\src\core\resource_handler_windows.c">
      <Filter>Source Files\core</Filter>
    </ClCompile>
    <ClCompile Include="..\..\..\src\core\zlibwt_compression_routines.c">
      <Filter>Source Files\core</Filter>
    </ClCompile>
    <ClCompile Include="..\..\..\src\core\zlibwt_decompress_routines.c">
      <Filter>Source Files\core</Filter>
    </ClCompile>
    <ClCompile Include="..\..\..\src\core\zlibwt_decompress_routines_version_0000.c">
      <Filter>Source Files\core</Filter>
    </ClCompile>
    <ClCompile Include="..\..\..\src\core\zlibwt_hl_decompress_routines.c">
      <Filter>Source Files\core</Filter>
    </ClCompile>
    <ClCompile Include="..\..\..\src\core\zlibwt_ll_compression_routines.c">
      <Filter>Source Files\core</Filter>
    </ClCompile>
    <ClCompile Include="..\..\..\src\core\zlibwt_ll_decompress_routines.c">
      <Filter>Source Files\core</Filter>
    </ClCompile>
    <ClCompile Include="..\..\..\contrib\directory_iterator\src\core\diriter\directory_iterator_cmn.c">
      <Filter>Source Files</Filter>
    </ClCompile>
    <ClCompile Include="..\..\..\contrib\directory_iterator\src\core\diriter\directory_iterator_unix.c">
      <Filter>Source Files</Filter>
    </ClCompile>
    <ClCompile Include="..\..\..\contrib\directory_iterator\src\core\diriter\directory_iterator_win.c">
      <Filter>Source Files</Filter>
    </ClCompile>
  </ItemGroup>
  <ItemGroup>
    <ClInclude Include="..\..\..\include\zlib_with_tools\export_symbols.h">
      <Filter>Header Files\incude\zlib_with_tools</Filter>
    </ClInclude>
    <ClInclude Include="..\..\..\include\zlib_with_tools\zlib_first_include.h">
      <Filter>Header Files\incude\zlib_with_tools</Filter>
    </ClInclude>
    <ClInclude Include="..\..\..\include\zlib_with_tools\zlibwt_compress_decompress_common.h">
      <Filter>Header Files\incude\zlib_with_tools</Filter>
    </ClInclude>
    <ClInclude Include="..\..\..\include\zlib_with_tools\zlibwt_compression_data.h">
      <Filter>Header Files\incude\zlib_with_tools</Filter>
    </ClInclude>
    <ClInclude Include="..\..\..\include\zlib_with_tools\zlibwt_compression_routines.h">
      <Filter>Header Files\incude\zlib_with_tools</Filter>
    </ClInclude>
    <ClInclude Include="..\..\..\include\zlib_with_tools\zlibwt_decompress_data.h">
      <Filter>Header Files\incude\zlib_with_tools</Filter>
    </ClInclude>
    <ClInclude Include="..\..\..\include\zlib_with_tools\zlibwt_decompress_routines.h">
      <Filter>Header Files\incude\zlib_with_tools</Filter>
    </ClInclude>
    <ClInclude Include="..\..\..\include\zlib_with_tools\zlibwt_ll_compression_routines.h">
      <Filter>Header Files\incude\zlib_with_tools</Filter>
    </ClInclude>
    <ClInclude Include="..\..\..\include\zlib_with_tools\zlibwt_ll_decompress_routines.h">
      <Filter>Header Files\incude\zlib_with_tools</Filter>
    </ClInclude>
    <ClInclude Include="..\..\..\include\zlib_with_tools\zlibwt_zlib_h_wrapper.h">
      <Filter>Header Files\incude\zlib_with_tools</Filter>
    </ClInclude>
  </ItemGroup>
  <ItemGroup>
    <None Include="zlibwt_unit_test.pro">
      <Filter>files</Filter>
    </None>
    <None Include="zlibwt_unit_test.unix.Makefile">
      <Filter>files</Filter>
    </None>
    <None Include="zlibwt_unit_test.windows.Makefile">
      <Filter>files</Filter>
    </None>
  </ItemGroup>
</Project>