
Microsoft Visual Studio Solution File, Format Version 12.00
# Visual Studio Version 16
VisualStudioVersion = 16.0.32630.194
MinimumVisualStudioVersion = 10.0.40219.1
Project("{8BC9CEB8-8B4A-11D0-8D11-00A0C91BC942}") = "zlib_all", "zlib_all.vcxproj", "{FC95D14B-8EAD-4A60-873D-BD9722DBD07F}"
EndProject
Project("{2150E333-8FDC-42A3-9474-1A3956D46DE8}") = "projects", "projects", "{55C737E0-2211-4AEE-9271-2B96298E45E0}"
EndProject
Project("{2150E333-8FDC-42A3-9474-1A3956D46DE8}") = "core", "core", "{9FBBFC68-2687-41D1-B16A-0B5E8458D948}"
EndProject
Project("{8BC9CEB8-8B4A-11D0-8D11-00A0C91BC942}") = "zlib_st", "..\..\prj\zlib\zlib_st_vs\zlib_st.vcxproj", "{7E5B0B44-348D-4935-926C-DA0FE9455A68}"
	ProjectSection(ProjectDependencies) = postProject
		{FC95D14B-8EAD-4A60-873D-BD9722DBD07F} = {FC95D14B-8EAD-4A60-873D-BD9722DBD07F}
	EndProjectSection
EndProject
Project("{8BC9CEB8-8B4A-11D0-8D11-00A0C91BC942}") = "zlib", "..\..\prj\zlib\zlib_vs\zlib.vcxproj", "{6C874983-5D00-44D3-9B65-F0A975574DAD}"
	ProjectSection(ProjectDependencies) = postProject
		{FC95D14B-8EAD-4A60-873D-BD9722DBD07F} = {FC95D14B-8EAD-4A60-873D-BD9722DBD07F}
	EndProjectSection
EndProject
Project("{2150E333-8FDC-42A3-9474-1A3956D46DE8}") = "tools", "tools", "{01F34C07-B3DC-45C9-9348-27786BA13077}"
EndProject
Project("{8BC9CEB8-8B4A-11D0-8D11-00A0C91BC942}") = "apt-get", "..\..\prj\tools\apt-get_vs\apt-get.vcxproj", "{F9B3E9A8-2386-492B-9AEA-24A941CD1091}"
	ProjectSection(ProjectDependencies) = postProject
		{6C874983-5D00-44D3-9B65-F0A975574DAD} = {6C874983-5D00-44D3-9B65-F0A975574DAD}
	EndProjectSection
EndProject
Project("{8BC9CEB8-8B4A-11D0-8D11-00A0C91BC942}") = "compressdir", "..\..\prj\tools\compressdir_vs\compressdir.vcxproj", "{84101244-7634-4FFB-B755-18BF3D5C7B1E}"
	ProjectSection(ProjectDependencies) = postProject
		{6C874983-5D00-44D3-9B65-F0A975574DAD} = {6C874983-5D00-44D3-9B65-F0A975574DAD}
	EndProjectSection
EndProject
Project("{8BC9CEB8-8B4A-11D0-8D11-00A0C91BC942}") = "unzip_from_net", "..\..\prj\tools\unzip_from_net_vs\unzip_from_net.vcxproj", "{0EBBE3F6-7032-47EC-B605-B86C4A6F27D5}"
	ProjectSection(ProjectDependencies) = postProject
		{6C874983-5D00-44D3-9B65-F0A975574DAD} = {6C874983-5D00-44D3-9B65-F0A975574DAD}
	EndProjectSection
EndProject
Project("{2150E333-8FDC-42A3-9474-1A3956D46DE8}") = "tests", "tests", "{288D2A2E-9D3A-45EF-B2FB-86735463EDF8}"
EndProject
Project("{8BC9CEB8-8B4A-11D0-8D11-00A0C91BC942}") = "zlib_test", "..\..\prj\tests\zlib_test_vs\zlib_test.vcxproj", "{686D2D4B-1062-4E5B-9A94-EE44A9EC7D67}"
	ProjectSection(ProjectDependencies) = postProject
		{6C874983-5D00-44D3-9B65-F0A975574DAD} = {6C874983-5D00-44D3-9B65-F0A975574DAD}
	EndProjectSection
EndProject
Global
	GlobalSection(SolutionConfigurationPlatforms) = preSolution
		Debug|ARM = Debug|ARM
		Debug|ARM64 = Debug|ARM64
		Debug|x64 = Debug|x64
		Debug|x86 = Debug|x86
		Release|ARM = Release|ARM
		Release|ARM64 = Release|ARM64
		Release|x64 = Release|x64
		Release|x86 = Release|x86
	EndGlobalSection
	GlobalSection(ProjectConfigurationPlatforms) = postSolution
		{FC95D14B-8EAD-4A60-873D-BD9722DBD07F}.Debug|ARM.ActiveCfg = Debug|ARM
		{FC95D14B-8EAD-4A60-873D-BD9722DBD07F}.Debug|ARM.Build.0 = Debug|ARM
		{FC95D14B-8EAD-4A60-873D-BD9722DBD07F}.Debug|ARM64.ActiveCfg = Debug|ARM64
		{FC95D14B-8EAD-4A60-873D-BD9722DBD07F}.Debug|ARM64.Build.0 = Debug|ARM64
		{FC95D14B-8EAD-4A60-873D-BD9722DBD07F}.Debug|x64.ActiveCfg = Debug|x64
		{FC95D14B-8EAD-4A60-873D-BD9722DBD07F}.Debug|x64.Build.0 = Debug|x64
		{FC95D14B-8EAD-4A60-873D-BD9722DBD07F}.Debug|x86.ActiveCfg = Debug|Win32
		{FC95D14B-8EAD-4A60-873D-BD9722DBD07F}.Debug|x86.Build.0 = Debug|Win32
		{FC95D14B-8EAD-4A60-873D-BD9722DBD07F}.Release|ARM.ActiveCfg = Release|ARM
		{FC95D14B-8EAD-4A60-873D-BD9722DBD07F}.Release|ARM.Build.0 = Release|ARM
		{FC95D14B-8EAD-4A60-873D-BD9722DBD07F}.Release|ARM64.ActiveCfg = Release|ARM64
		{FC95D14B-8EAD-4A60-873D-BD9722DBD07F}.Release|ARM64.Build.0 = Release|ARM64
		{FC95D14B-8EAD-4A60-873D-BD9722DBD07F}.Release|x64.ActiveCfg = Release|x64
		{FC95D14B-8EAD-4A60-873D-BD9722DBD07F}.Release|x64.Build.0 = Release|x64
		{FC95D14B-8EAD-4A60-873D-BD9722DBD07F}.Release|x86.ActiveCfg = Release|Win32
		{FC95D14B-8EAD-4A60-873D-BD9722DBD07F}.Release|x86.Build.0 = Release|Win32
		{7E5B0B44-348D-4935-926C-DA0FE9455A68}.Debug|ARM.ActiveCfg = Debug|ARM
		{7E5B0B44-348D-4935-926C-DA0FE9455A68}.Debug|ARM.Build.0 = Debug|ARM
		{7E5B0B44-348D-4935-926C-DA0FE9455A68}.Debug|ARM64.ActiveCfg = Debug|ARM64
		{7E5B0B44-348D-4935-926C-DA0FE9455A68}.Debug|ARM64.Build.0 = Debug|ARM64
		{7E5B0B44-348D-4935-926C-DA0FE9455A68}.Debug|x64.ActiveCfg = Debug|x64
		{7E5B0B44-348D-4935-926C-DA0FE9455A68}.Debug|x64.Build.0 = Debug|x64
		{7E5B0B44-348D-4935-926C-DA0FE9455A68}.Debug|x86.ActiveCfg = Debug|Win32
		{7E5B0B44-348D-4935-926C-DA0FE9455A68}.Debug|x86.Build.0 = Debug|Win32
		{7E5B0B44-348D-4935-926C-DA0FE9455A68}.Release|ARM.ActiveCfg = Release|ARM
		{7E5B0B44-348D-4935-926C-DA0FE9455A68}.Release|ARM.Build.0 = Release|ARM
		{7E5B0B44-348D-4935-926C-DA0FE9455A68}.Release|ARM64.ActiveCfg = Release|ARM64
		{7E5B0B44-348D-4935-926C-DA0FE9455A68}.Release|ARM64.Build.0 = Release|ARM64
		{7E5B0B44-348D-4935-926C-DA0FE9455A68}.Release|x64.ActiveCfg = Release|x64
		{7E5B0B44-348D-4935-926C-DA0FE9455A68}.Release|x64.Build.0 = Release|x64
		{7E5B0B44-348D-4935-926C-DA0FE9455A68}.Release|x86.ActiveCfg = Release|Win32
		{7E5B0B44-348D-4935-926C-DA0FE9455A68}.Release|x86.Build.0 = Release|Win32
		{6C874983-5D00-44D3-9B65-F0A975574DAD}.Debug|ARM.ActiveCfg = Debug|ARM
		{6C874983-5D00-44D3-9B65-F0A975574DAD}.Debug|ARM.Build.0 = Debug|ARM
		{6C874983-5D00-44D3-9B65-F0A975574DAD}.Debug|ARM64.ActiveCfg = Debug|ARM64
		{6C874983-5D00-44D3-9B65-F0A975574DAD}.Debug|ARM64.Build.0 = Debug|ARM64
		{6C874983-5D00-44D3-9B65-F0A975574DAD}.Debug|x64.ActiveCfg = Debug|x64
		{6C874983-5D00-44D3-9B65-F0A975574DAD}.Debug|x64.Build.0 = Debug|x64
		{6C874983-5D00-44D3-9B65-F0A975574DAD}.Debug|x86.ActiveCfg = Debug|Win32
		{6C874983-5D00-44D3-9B65-F0A975574DAD}.Debug|x86.Build.0 = Debug|Win32
		{6C874983-5D00-44D3-9B65-F0A975574DAD}.Release|ARM.ActiveCfg = Release|ARM
		{6C874983-5D00-44D3-9B65-F0A975574DAD}.Release|ARM.Build.0 = Release|ARM
		{6C874983-5D00-44D3-9B65-F0A975574DAD}.Release|ARM64.ActiveCfg = Release|ARM64
		{6C874983-5D00-44D3-9B65-F0A975574DAD}.Release|ARM64.Build.0 = Release|ARM64
		{6C874983-5D00-44D3-9B65-F0A975574DAD}.Release|x64.ActiveCfg = Release|x64
		{6C874983-5D00-44D3-9B65-F0A975574DAD}.Release|x64.Build.0 = Release|x64
		{6C874983-5D00-44D3-9B65-F0A975574DAD}.Release|x86.ActiveCfg = Release|Win32
		{6C874983-5D00-44D3-9B65-F0A975574DAD}.Release|x86.Build.0 = Release|Win32
		{F9B3E9A8-2386-492B-9AEA-24A941CD1091}.Debug|ARM.ActiveCfg = Debug|ARM
		{F9B3E9A8-2386-492B-9AEA-24A941CD1091}.Debug|ARM.Build.0 = Debug|ARM
		{F9B3E9A8-2386-492B-9AEA-24A941CD1091}.Debug|ARM64.ActiveCfg = Debug|ARM64
		{F9B3E9A8-2386-492B-9AEA-24A941CD1091}.Debug|ARM64.Build.0 = Debug|ARM64
		{F9B3E9A8-2386-492B-9AEA-24A941CD1091}.Debug|x64.ActiveCfg = Debug|x64
		{F9B3E9A8-2386-492B-9AEA-24A941CD1091}.Debug|x64.Build.0 = Debug|x64
		{F9B3E9A8-2386-492B-9AEA-24A941CD1091}.Debug|x86.ActiveCfg = Debug|Win32
		{F9B3E9A8-2386-492B-9AEA-24A941CD1091}.Debug|x86.Build.0 = Debug|Win32
		{F9B3E9A8-2386-492B-9AEA-24A941CD1091}.Release|ARM.ActiveCfg = Release|ARM
		{F9B3E9A8-2386-492B-9AEA-24A941CD1091}.Release|ARM.Build.0 = Release|ARM
		{F9B3E9A8-2386-492B-9AEA-24A941CD1091}.Release|ARM64.ActiveCfg = Release|ARM64
		{F9B3E9A8-2386-492B-9AEA-24A941CD1091}.Release|ARM64.Build.0 = Release|ARM64
		{F9B3E9A8-2386-492B-9AEA-24A941CD1091}.Release|x64.ActiveCfg = Release|x64
		{F9B3E9A8-2386-492B-9AEA-24A941CD1091}.Release|x64.Build.0 = Release|x64
		{F9B3E9A8-2386-492B-9AEA-24A941CD1091}.Release|x86.ActiveCfg = Release|Win32
		{F9B3E9A8-2386-492B-9AEA-24A941CD1091}.Release|x86.Build.0 = Release|Win32
		{84101244-7634-4FFB-B755-18BF3D5C7B1E}.Debug|ARM.ActiveCfg = Debug|ARM
		{84101244-7634-4FFB-B755-18BF3D5C7B1E}.Debug|ARM.Build.0 = Debug|ARM
		{84101244-7634-4FFB-B755-18BF3D5C7B1E}.Debug|ARM64.ActiveCfg = Debug|ARM64
		{84101244-7634-4FFB-B755-18BF3D5C7B1E}.Debug|ARM64.Build.0 = Debug|ARM64
		{84101244-7634-4FFB-B755-18BF3D5C7B1E}.Debug|x64.ActiveCfg = Debug|x64
		{84101244-7634-4FFB-B755-18BF3D5C7B1E}.Debug|x64.Build.0 = Debug|x64
		{84101244-7634-4FFB-B755-18BF3D5C7B1E}.Debug|x86.ActiveCfg = Debug|Win32
		{84101244-7634-4FFB-B755-18BF3D5C7B1E}.Debug|x86.Build.0 = Debug|Win32
		{84101244-7634-4FFB-B755-18BF3D5C7B1E}.Release|ARM.ActiveCfg = Release|ARM
		{84101244-7634-4FFB-B755-18BF3D5C7B1E}.Release|ARM.Build.0 = Release|ARM
		{84101244-7634-4FFB-B755-18BF3D5C7B1E}.Release|ARM64.ActiveCfg = Release|ARM64
		{84101244-7634-4FFB-B755-18BF3D5C7B1E}.Release|ARM64.Build.0 = Release|ARM64
		{84101244-7634-4FFB-B755-18BF3D5C7B1E}.Release|x64.ActiveCfg = Release|x64
		{84101244-7634-4FFB-B755-18BF3D5C7B1E}.Release|x64.Build.0 = Release|x64
		{84101244-7634-4FFB-B755-18BF3D5C7B1E}.Release|x86.ActiveCfg = Release|Win32
		{84101244-7634-4FFB-B755-18BF3D5C7B1E}.Release|x86.Build.0 = Release|Win32
		{0EBBE3F6-7032-47EC-B605-B86C4A6F27D5}.Debug|ARM.ActiveCfg = Debug|ARM
		{0EBBE3F6-7032-47EC-B605-B86C4A6F27D5}.Debug|ARM.Build.0 = Debug|ARM
		{0EBBE3F6-7032-47EC-B605-B86C4A6F27D5}.Debug|ARM64.ActiveCfg = Debug|ARM64
		{0EBBE3F6-7032-47EC-B605-B86C4A6F27D5}.Debug|ARM64.Build.0 = Debug|ARM64
		{0EBBE3F6-7032-47EC-B605-B86C4A6F27D5}.Debug|x64.ActiveCfg = Debug|x64
		{0EBBE3F6-7032-47EC-B605-B86C4A6F27D5}.Debug|x64.Build.0 = Debug|x64
		{0EBBE3F6-7032-47EC-B605-B86C4A6F27D5}.Debug|x86.ActiveCfg = Debug|Win32
		{0EBBE3F6-7032-47EC-B605-B86C4A6F27D5}.Debug|x86.Build.0 = Debug|Win32
		{0EBBE3F6-7032-47EC-B605-B86C4A6F27D5}.Release|ARM.ActiveCfg = Release|ARM
		{0EBBE3F6-7032-47EC-B605-B86C4A6F27D5}.Release|ARM.Build.0 = Release|ARM
		{0EBBE3F6-7032-47EC-B605-B86C4A6F27D5}.Release|ARM64.ActiveCfg = Release|ARM64
		{0EBBE3F6-7032-47EC-B605-B86C4A6F27D5}.Release|ARM64.Build.0 = Release|ARM64
		{0EBBE3F6-7032-47EC-B605-B86C4A6F27D5}.Release|x64.ActiveCfg = Release|x64
		{0EBBE3F6-7032-47EC-B605-B86C4A6F27D5}.Release|x64.Build.0 = Release|x64
		{0EBBE3F6-7032-47EC-B605-B86C4A6F27D5}.Release|x86.ActiveCfg = Release|Win32
		{0EBBE3F6-7032-47EC-B605-B86C4A6F27D5}.Release|x86.Build.0 = Release|Win32
		{686D2D4B-1062-4E5B-9A94-EE44A9EC7D67}.Debug|ARM.ActiveCfg = Debug|ARM
		{686D2D4B-1062-4E5B-9A94-EE44A9EC7D67}.Debug|ARM.Build.0 = Debug|ARM
		{686D2D4B-1062-4E5B-9A94-EE44A9EC7D67}.Debug|ARM64.ActiveCfg = Debug|ARM64
		{686D2D4B-1062-4E5B-9A94-EE44A9EC7D67}.Debug|ARM64.Build.0 = Debug|ARM64
		{686D2D4B-1062-4E5B-9A94-EE44A9EC7D67}.Debug|x64.ActiveCfg = Debug|x64
		{686D2D4B-1062-4E5B-9A94-EE44A9EC7D67}.Debug|x64.Build.0 = Debug|x64
		{686D2D4B-1062-4E5B-9A94-EE44A9EC7D67}.Debug|x86.ActiveCfg = Debug|Win32
		{686D2D4B-1062-4E5B-9A94-EE44A9EC7D67}.Debug|x86.Build.0 = Debug|Win32
		{686D2D4B-1062-4E5B-9A94-EE44A9EC7D67}.Release|ARM.ActiveCfg = Release|ARM
		{686D2D4B-1062-4E5B-9A94-EE44A9EC7D67}.Release|ARM.Build.0 = Release|ARM
		{686D2D4B-1062-4E5B-9A94-EE44A9EC7D67}.Release|ARM64.ActiveCfg = Release|ARM64
		{686D2D4B-1062-4E5B-9A94-EE44A9EC7D67}.Release|ARM64.Build.0 = Release|ARM64
		{686D2D4B-1062-4E5B-9A94-EE44A9EC7D67}.Release|x64.ActiveCfg = Release|x64
		{686D2D4B-1062-4E5B-9A94-EE44A9EC7D67}.Release|x64.Build.0 = Release|x64
		{686D2D4B-1062-4E5B-9A94-EE44A9EC7D67}.Release|x86.ActiveCfg = Release|Win32
		{686D2D4B-1062-4E5B-9A94-EE44A9EC7D67}.Release|x86.Build.0 = Release|Win32
	EndGlobalSection
	GlobalSection(SolutionProperties) = preSolution
		HideSolutionNode = FALSE
	EndGlobalSection
	GlobalSection(NestedProjects) = preSolution
		{9FBBFC68-2687-41D1-B16A-0B5E8458D948} = {55C737E0-2211-4AEE-9271-2B96298E45E0}
		{7E5B0B44-348D-4935-926C-DA0FE9455A68} = {9FBBFC68-2687-41D1-B16A-0B5E8458D948}
		{6C874983-5D00-44D3-9B65-F0A975574DAD} = {9FBBFC68-2687-41D1-B16A-0B5E8458D948}
		{01F34C07-B3DC-45C9-9348-27786BA13077} = {55C737E0-2211-4AEE-9271-2B96298E45E0}
		{F9B3E9A8-2386-492B-9AEA-24A941CD1091} = {01F34C07-B3DC-45C9-9348-27786BA13077}
		{84101244-7634-4FFB-B755-18BF3D5C7B1E} = {01F34C07-B3DC-45C9-9348-27786BA13077}
		{0EBBE3F6-7032-47EC-B605-B86C4A6F27D5} = {01F34C07-B3DC-45C9-9348-27786BA13077}
		{288D2A2E-9D3A-45EF-B2FB-86735463EDF8} = {55C737E0-2211-4AEE-9271-2B96298E45E0}
		{686D2D4B-1062-4E5B-9A94-EE44A9EC7D67} = {288D2A2E-9D3A-45EF-B2FB-86735463EDF8}
	EndGlobalSection
	GlobalSection(ExtensibilityGlobals) = postSolution
		SolutionGuid = {7FF25225-183D-45F8-956E-5D8F9F289F31}
	EndGlobalSection
EndGlobal
